
Microsoft Visual Studio Solution File, Format Version 11.00
# Visual Studio 2010
Project("{FAE04EC0-301F-11D3-BF4B-00C04F79EFBC}") = "ioschoolsWebsite", "ioschoolsWebsite\ioschoolsWebsite.csproj", "{34A3C5DD-69E7-45FF-A748-8B9089889DBD}"
EndProject
Project("{FAE04EC0-301F-11D3-BF4B-00C04F79EFBC}") = "ioschools.DB", "ioschools.DB\ioschools.DB.csproj", "{E7CAFBB9-D21F-4533-848F-6321C70A9999}"
EndProject
Project("{2150E333-8FDC-42A3-9474-1A3956D46DE8}") = "documentation", "documentation", "{ABB98F17-F45D-4DDC-A7EE-24BEFCD881E2}"
	ProjectSection(SolutionItems) = preProject
		 Website Documentation.docx =  Website Documentation.docx
	EndProjectSection
EndProject
Project("{FAE04EC0-301F-11D3-BF4B-00C04F79EFBC}") = "ioschools.Data", "ioschools.Data\ioschools.Data.csproj", "{D0F663B9-FDF4-45FB-928B-37D1C30A8F8C}"
EndProject
Project("{2150E333-8FDC-42A3-9474-1A3956D46DE8}") = "Solution Items", "Solution Items", "{68301B0A-9CC3-42AC-94BB-F3712F10E26C}"
	ProjectSection(SolutionItems) = preProject
		Performance1.psess = Performance1.psess
	EndProjectSection
EndProject
Project("{FAE04EC0-301F-11D3-BF4B-00C04F79EFBC}") = "Lucene.Net", "..\..\opensource\lucene.net\trunk\C#\src\Lucene.Net\Lucene.Net.csproj", "{5D4AD9BE-1FFB-41AB-9943-25737971BF57}"
EndProject
Project("{2150E333-8FDC-42A3-9474-1A3956D46DE8}") = "libraries", "libraries", "{2EC118A3-C6A3-4B63-BCAF-15AA0E678548}"
EndProject
Project("{FAE04EC0-301F-11D3-BF4B-00C04F79EFBC}") = "DotLiquid", "..\..\opensource\dotliquid\src\DotLiquid\DotLiquid.csproj", "{CB9372CD-9C1D-47AB-92D8-702D4D68324F}"
EndProject
Project("{FAE04EC0-301F-11D3-BF4B-00C04F79EFBC}") = "Elmah", "..\..\opensource\elmah 1.2 src\src\Solutions\2010\Elmah.csproj", "{C92DC151-A0BA-4A5E-A20E-620EC9C06AFF}"
EndProject
Project("{FAE04EC0-301F-11D3-BF4B-00C04F79EFBC}") = "clearpixels.Logging", "..\clearpixels\clearpixels.Logging\clearpixels.Logging.csproj", "{C5EAEA68-6654-4311-951C-577F8924640F}"
EndProject
Project("{FAE04EC0-301F-11D3-BF4B-00C04F79EFBC}") = "tradelr.Crypto", "..\tradelr\bajula\tradelr.Crypto\tradelr.Crypto.csproj", "{9596BA41-36F8-4A59-ABAA-2A41F224B4C0}"
EndProject
Global
	GlobalSection(SolutionConfigurationPlatforms) = preSolution
		Debug_Azure|Any CPU = Debug_Azure|Any CPU
		Debug_Azure|x86 = Debug_Azure|x86
		Debug_local|Any CPU = Debug_local|Any CPU
		Debug_local|x86 = Debug_local|x86
		Debug|Any CPU = Debug|Any CPU
		Debug|x86 = Debug|x86
		DebugFB|Any CPU = DebugFB|Any CPU
		DebugFB|x86 = DebugFB|x86
		DebugNoRackspace|Any CPU = DebugNoRackspace|Any CPU
		DebugNoRackspace|x86 = DebugNoRackspace|x86
		DebugOpenSocial|Any CPU = DebugOpenSocial|Any CPU
		DebugOpenSocial|x86 = DebugOpenSocial|x86
		Release_Azure|Any CPU = Release_Azure|Any CPU
		Release_Azure|x86 = Release_Azure|x86
		Release_Test|Any CPU = Release_Test|Any CPU
		Release_Test|x86 = Release_Test|x86
		Release|Any CPU = Release|Any CPU
		Release|x86 = Release|x86
	EndGlobalSection
	GlobalSection(ProjectConfigurationPlatforms) = postSolution
		{34A3C5DD-69E7-45FF-A748-8B9089889DBD}.Debug_Azure|Any CPU.ActiveCfg = Debug|Any CPU
		{34A3C5DD-69E7-45FF-A748-8B9089889DBD}.Debug_Azure|Any CPU.Build.0 = Debug|Any CPU
		{34A3C5DD-69E7-45FF-A748-8B9089889DBD}.Debug_Azure|x86.ActiveCfg = Debug|Any CPU
		{34A3C5DD-69E7-45FF-A748-8B9089889DBD}.Debug_local|Any CPU.ActiveCfg = Debug|Any CPU
		{34A3C5DD-69E7-45FF-A748-8B9089889DBD}.Debug_local|Any CPU.Build.0 = Debug|Any CPU
		{34A3C5DD-69E7-45FF-A748-8B9089889DBD}.Debug_local|x86.ActiveCfg = Debug|Any CPU
		{34A3C5DD-69E7-45FF-A748-8B9089889DBD}.Debug|Any CPU.ActiveCfg = Debug|Any CPU
		{34A3C5DD-69E7-45FF-A748-8B9089889DBD}.Debug|Any CPU.Build.0 = Debug|Any CPU
		{34A3C5DD-69E7-45FF-A748-8B9089889DBD}.Debug|x86.ActiveCfg = Debug|Any CPU
		{34A3C5DD-69E7-45FF-A748-8B9089889DBD}.DebugFB|Any CPU.ActiveCfg = Debug|Any CPU
		{34A3C5DD-69E7-45FF-A748-8B9089889DBD}.DebugFB|Any CPU.Build.0 = Debug|Any CPU
		{34A3C5DD-69E7-45FF-A748-8B9089889DBD}.DebugFB|x86.ActiveCfg = Debug|Any CPU
		{34A3C5DD-69E7-45FF-A748-8B9089889DBD}.DebugNoRackspace|Any CPU.ActiveCfg = Debug|Any CPU
		{34A3C5DD-69E7-45FF-A748-8B9089889DBD}.DebugNoRackspace|Any CPU.Build.0 = Debug|Any CPU
		{34A3C5DD-69E7-45FF-A748-8B9089889DBD}.DebugNoRackspace|x86.ActiveCfg = Debug|Any CPU
		{34A3C5DD-69E7-45FF-A748-8B9089889DBD}.DebugOpenSocial|Any CPU.ActiveCfg = Debug|Any CPU
		{34A3C5DD-69E7-45FF-A748-8B9089889DBD}.DebugOpenSocial|Any CPU.Build.0 = Debug|Any CPU
		{34A3C5DD-69E7-45FF-A748-8B9089889DBD}.DebugOpenSocial|x86.ActiveCfg = Debug|Any CPU
		{34A3C5DD-69E7-45FF-A748-8B9089889DBD}.Release_Azure|Any CPU.ActiveCfg = Release|Any CPU
		{34A3C5DD-69E7-45FF-A748-8B9089889DBD}.Release_Azure|Any CPU.Build.0 = Release|Any CPU
		{34A3C5DD-69E7-45FF-A748-8B9089889DBD}.Release_Azure|x86.ActiveCfg = Release_Test|Any CPU
		{34A3C5DD-69E7-45FF-A748-8B9089889DBD}.Release_Test|Any CPU.ActiveCfg = Release_Test|Any CPU
		{34A3C5DD-69E7-45FF-A748-8B9089889DBD}.Release_Test|Any CPU.Build.0 = Release_Test|Any CPU
		{34A3C5DD-69E7-45FF-A748-8B9089889DBD}.Release_Test|x86.ActiveCfg = Release_Test|Any CPU
		{34A3C5DD-69E7-45FF-A748-8B9089889DBD}.Release|Any CPU.ActiveCfg = Release|Any CPU
		{34A3C5DD-69E7-45FF-A748-8B9089889DBD}.Release|Any CPU.Build.0 = Release|Any CPU
		{34A3C5DD-69E7-45FF-A748-8B9089889DBD}.Release|x86.ActiveCfg = Release|Any CPU
		{E7CAFBB9-D21F-4533-848F-6321C70A9999}.Debug_Azure|Any CPU.ActiveCfg = Debug|Any CPU
		{E7CAFBB9-D21F-4533-848F-6321C70A9999}.Debug_Azure|Any CPU.Build.0 = Debug|Any CPU
		{E7CAFBB9-D21F-4533-848F-6321C70A9999}.Debug_Azure|x86.ActiveCfg = Debug|Any CPU
		{E7CAFBB9-D21F-4533-848F-6321C70A9999}.Debug_local|Any CPU.ActiveCfg = Debug|Any CPU
		{E7CAFBB9-D21F-4533-848F-6321C70A9999}.Debug_local|Any CPU.Build.0 = Debug|Any CPU
		{E7CAFBB9-D21F-4533-848F-6321C70A9999}.Debug_local|x86.ActiveCfg = Debug|Any CPU
		{E7CAFBB9-D21F-4533-848F-6321C70A9999}.Debug|Any CPU.ActiveCfg = Debug|Any CPU
		{E7CAFBB9-D21F-4533-848F-6321C70A9999}.Debug|Any CPU.Build.0 = Debug|Any CPU
		{E7CAFBB9-D21F-4533-848F-6321C70A9999}.Debug|x86.ActiveCfg = Debug|Any CPU
		{E7CAFBB9-D21F-4533-848F-6321C70A9999}.DebugFB|Any CPU.ActiveCfg = Debug|Any CPU
		{E7CAFBB9-D21F-4533-848F-6321C70A9999}.DebugFB|Any CPU.Build.0 = Debug|Any CPU
		{E7CAFBB9-D21F-4533-848F-6321C70A9999}.DebugFB|x86.ActiveCfg = Debug|Any CPU
		{E7CAFBB9-D21F-4533-848F-6321C70A9999}.DebugNoRackspace|Any CPU.ActiveCfg = Debug|Any CPU
		{E7CAFBB9-D21F-4533-848F-6321C70A9999}.DebugNoRackspace|Any CPU.Build.0 = Debug|Any CPU
		{E7CAFBB9-D21F-4533-848F-6321C70A9999}.DebugNoRackspace|x86.ActiveCfg = Debug|Any CPU
		{E7CAFBB9-D21F-4533-848F-6321C70A9999}.DebugOpenSocial|Any CPU.ActiveCfg = Debug|Any CPU
		{E7CAFBB9-D21F-4533-848F-6321C70A9999}.DebugOpenSocial|Any CPU.Build.0 = Debug|Any CPU
		{E7CAFBB9-D21F-4533-848F-6321C70A9999}.DebugOpenSocial|x86.ActiveCfg = Debug|Any CPU
		{E7CAFBB9-D21F-4533-848F-6321C70A9999}.Release_Azure|Any CPU.ActiveCfg = Release|Any CPU
		{E7CAFBB9-D21F-4533-848F-6321C70A9999}.Release_Azure|Any CPU.Build.0 = Release|Any CPU
		{E7CAFBB9-D21F-4533-848F-6321C70A9999}.Release_Azure|x86.ActiveCfg = Release_Test|Any CPU
		{E7CAFBB9-D21F-4533-848F-6321C70A9999}.Release_Test|Any CPU.ActiveCfg = Release_Test|Any CPU
		{E7CAFBB9-D21F-4533-848F-6321C70A9999}.Release_Test|Any CPU.Build.0 = Release_Test|Any CPU
		{E7CAFBB9-D21F-4533-848F-6321C70A9999}.Release_Test|x86.ActiveCfg = Release_Test|Any CPU
		{E7CAFBB9-D21F-4533-848F-6321C70A9999}.Release|Any CPU.ActiveCfg = Release|Any CPU
		{E7CAFBB9-D21F-4533-848F-6321C70A9999}.Release|Any CPU.Build.0 = Release|Any CPU
		{E7CAFBB9-D21F-4533-848F-6321C70A9999}.Release|x86.ActiveCfg = Release|Any CPU
		{D0F663B9-FDF4-45FB-928B-37D1C30A8F8C}.Debug_Azure|Any CPU.ActiveCfg = Debug|Any CPU
		{D0F663B9-FDF4-45FB-928B-37D1C30A8F8C}.Debug_Azure|Any CPU.Build.0 = Debug|Any CPU
		{D0F663B9-FDF4-45FB-928B-37D1C30A8F8C}.Debug_Azure|x86.ActiveCfg = Debug|Any CPU
		{D0F663B9-FDF4-45FB-928B-37D1C30A8F8C}.Debug_local|Any CPU.ActiveCfg = Debug|Any CPU
		{D0F663B9-FDF4-45FB-928B-37D1C30A8F8C}.Debug_local|Any CPU.Build.0 = Debug|Any CPU
		{D0F663B9-FDF4-45FB-928B-37D1C30A8F8C}.Debug_local|x86.ActiveCfg = Debug|Any CPU
		{D0F663B9-FDF4-45FB-928B-37D1C30A8F8C}.Debug|Any CPU.ActiveCfg = Debug|Any CPU
		{D0F663B9-FDF4-45FB-928B-37D1C30A8F8C}.Debug|Any CPU.Build.0 = Debug|Any CPU
		{D0F663B9-FDF4-45FB-928B-37D1C30A8F8C}.Debug|x86.ActiveCfg = Debug|Any CPU
		{D0F663B9-FDF4-45FB-928B-37D1C30A8F8C}.DebugFB|Any CPU.ActiveCfg = Debug|Any CPU
		{D0F663B9-FDF4-45FB-928B-37D1C30A8F8C}.DebugFB|Any CPU.Build.0 = Debug|Any CPU
		{D0F663B9-FDF4-45FB-928B-37D1C30A8F8C}.DebugFB|x86.ActiveCfg = Debug|Any CPU
		{D0F663B9-FDF4-45FB-928B-37D1C30A8F8C}.DebugNoRackspace|Any CPU.ActiveCfg = Debug|Any CPU
		{D0F663B9-FDF4-45FB-928B-37D1C30A8F8C}.DebugNoRackspace|Any CPU.Build.0 = Debug|Any CPU
		{D0F663B9-FDF4-45FB-928B-37D1C30A8F8C}.DebugNoRackspace|x86.ActiveCfg = Debug|Any CPU
		{D0F663B9-FDF4-45FB-928B-37D1C30A8F8C}.DebugOpenSocial|Any CPU.ActiveCfg = Debug|Any CPU
		{D0F663B9-FDF4-45FB-928B-37D1C30A8F8C}.DebugOpenSocial|Any CPU.Build.0 = Debug|Any CPU
		{D0F663B9-FDF4-45FB-928B-37D1C30A8F8C}.DebugOpenSocial|x86.ActiveCfg = Debug|Any CPU
		{D0F663B9-FDF4-45FB-928B-37D1C30A8F8C}.Release_Azure|Any CPU.ActiveCfg = Release|Any CPU
		{D0F663B9-FDF4-45FB-928B-37D1C30A8F8C}.Release_Azure|Any CPU.Build.0 = Release|Any CPU
		{D0F663B9-FDF4-45FB-928B-37D1C30A8F8C}.Release_Azure|x86.ActiveCfg = Release_Test|Any CPU
		{D0F663B9-FDF4-45FB-928B-37D1C30A8F8C}.Release_Test|Any CPU.ActiveCfg = Release_Test|Any CPU
		{D0F663B9-FDF4-45FB-928B-37D1C30A8F8C}.Release_Test|Any CPU.Build.0 = Release_Test|Any CPU
		{D0F663B9-FDF4-45FB-928B-37D1C30A8F8C}.Release_Test|x86.ActiveCfg = Release_Test|Any CPU
		{D0F663B9-FDF4-45FB-928B-37D1C30A8F8C}.Release|Any CPU.ActiveCfg = Release|Any CPU
		{D0F663B9-FDF4-45FB-928B-37D1C30A8F8C}.Release|Any CPU.Build.0 = Release|Any CPU
		{D0F663B9-FDF4-45FB-928B-37D1C30A8F8C}.Release|x86.ActiveCfg = Release|Any CPU
		{5D4AD9BE-1FFB-41AB-9943-25737971BF57}.Debug_Azure|Any CPU.ActiveCfg = DebugOpenSocial|Any CPU
		{5D4AD9BE-1FFB-41AB-9943-25737971BF57}.Debug_Azure|Any CPU.Build.0 = DebugOpenSocial|Any CPU
		{5D4AD9BE-1FFB-41AB-9943-25737971BF57}.Debug_Azure|x86.ActiveCfg = DebugOpenSocial|x86
		{5D4AD9BE-1FFB-41AB-9943-25737971BF57}.Debug_Azure|x86.Build.0 = DebugOpenSocial|x86
		{5D4AD9BE-1FFB-41AB-9943-25737971BF57}.Debug_local|Any CPU.ActiveCfg = DebugOpenSocial|x86
		{5D4AD9BE-1FFB-41AB-9943-25737971BF57}.Debug_local|x86.ActiveCfg = DebugOpenSocial|x86
		{5D4AD9BE-1FFB-41AB-9943-25737971BF57}.Debug_local|x86.Build.0 = DebugOpenSocial|x86
		{5D4AD9BE-1FFB-41AB-9943-25737971BF57}.Debug|Any CPU.ActiveCfg = Debug|Any CPU
		{5D4AD9BE-1FFB-41AB-9943-25737971BF57}.Debug|Any CPU.Build.0 = Debug|Any CPU
		{5D4AD9BE-1FFB-41AB-9943-25737971BF57}.Debug|x86.ActiveCfg = Debug|x86
		{5D4AD9BE-1FFB-41AB-9943-25737971BF57}.Debug|x86.Build.0 = Debug|x86
		{5D4AD9BE-1FFB-41AB-9943-25737971BF57}.DebugFB|Any CPU.ActiveCfg = DebugOpenSocial|Any CPU
		{5D4AD9BE-1FFB-41AB-9943-25737971BF57}.DebugFB|Any CPU.Build.0 = DebugOpenSocial|Any CPU
		{5D4AD9BE-1FFB-41AB-9943-25737971BF57}.DebugFB|x86.ActiveCfg = DebugOpenSocial|x86
		{5D4AD9BE-1FFB-41AB-9943-25737971BF57}.DebugFB|x86.Build.0 = DebugOpenSocial|x86
		{5D4AD9BE-1FFB-41AB-9943-25737971BF57}.DebugNoRackspace|Any CPU.ActiveCfg = DebugNoRackspace|Any CPU
		{5D4AD9BE-1FFB-41AB-9943-25737971BF57}.DebugNoRackspace|Any CPU.Build.0 = DebugNoRackspace|Any CPU
		{5D4AD9BE-1FFB-41AB-9943-25737971BF57}.DebugNoRackspace|x86.ActiveCfg = DebugNoRackspace|x86
		{5D4AD9BE-1FFB-41AB-9943-25737971BF57}.DebugNoRackspace|x86.Build.0 = DebugNoRackspace|x86
		{5D4AD9BE-1FFB-41AB-9943-25737971BF57}.DebugOpenSocial|Any CPU.ActiveCfg = DebugOpenSocial|Any CPU
		{5D4AD9BE-1FFB-41AB-9943-25737971BF57}.DebugOpenSocial|Any CPU.Build.0 = DebugOpenSocial|Any CPU
		{5D4AD9BE-1FFB-41AB-9943-25737971BF57}.DebugOpenSocial|x86.ActiveCfg = DebugOpenSocial|x86
		{5D4AD9BE-1FFB-41AB-9943-25737971BF57}.DebugOpenSocial|x86.Build.0 = DebugOpenSocial|x86
		{5D4AD9BE-1FFB-41AB-9943-25737971BF57}.Release_Azure|Any CPU.ActiveCfg = Release_Test|Any CPU
		{5D4AD9BE-1FFB-41AB-9943-25737971BF57}.Release_Azure|Any CPU.Build.0 = Release_Test|Any CPU
		{5D4AD9BE-1FFB-41AB-9943-25737971BF57}.Release_Azure|x86.ActiveCfg = Release_Test|x86
		{5D4AD9BE-1FFB-41AB-9943-25737971BF57}.Release_Azure|x86.Build.0 = Release_Test|x86
		{5D4AD9BE-1FFB-41AB-9943-25737971BF57}.Release_Test|Any CPU.ActiveCfg = Release_Test|Any CPU
		{5D4AD9BE-1FFB-41AB-9943-25737971BF57}.Release_Test|Any CPU.Build.0 = Release_Test|Any CPU
		{5D4AD9BE-1FFB-41AB-9943-25737971BF57}.Release_Test|x86.ActiveCfg = Release_Test|x86
		{5D4AD9BE-1FFB-41AB-9943-25737971BF57}.Release_Test|x86.Build.0 = Release_Test|x86
		{5D4AD9BE-1FFB-41AB-9943-25737971BF57}.Release|Any CPU.ActiveCfg = Release|Any CPU
		{5D4AD9BE-1FFB-41AB-9943-25737971BF57}.Release|Any CPU.Build.0 = Release|Any CPU
		{5D4AD9BE-1FFB-41AB-9943-25737971BF57}.Release|x86.ActiveCfg = Release|x86
		{5D4AD9BE-1FFB-41AB-9943-25737971BF57}.Release|x86.Build.0 = Release|x86
		{CB9372CD-9C1D-47AB-92D8-702D4D68324F}.Debug_Azure|Any CPU.ActiveCfg = Debug|Any CPU
		{CB9372CD-9C1D-47AB-92D8-702D4D68324F}.Debug_Azure|Any CPU.Build.0 = Debug|Any CPU
		{CB9372CD-9C1D-47AB-92D8-702D4D68324F}.Debug_Azure|x86.ActiveCfg = Debug|Any CPU
		{CB9372CD-9C1D-47AB-92D8-702D4D68324F}.Debug_local|Any CPU.ActiveCfg = Debug|Any CPU
		{CB9372CD-9C1D-47AB-92D8-702D4D68324F}.Debug_local|Any CPU.Build.0 = Debug|Any CPU
		{CB9372CD-9C1D-47AB-92D8-702D4D68324F}.Debug_local|x86.ActiveCfg = Debug|Any CPU
		{CB9372CD-9C1D-47AB-92D8-702D4D68324F}.Debug|Any CPU.ActiveCfg = Debug|Any CPU
		{CB9372CD-9C1D-47AB-92D8-702D4D68324F}.Debug|Any CPU.Build.0 = Debug|Any CPU
		{CB9372CD-9C1D-47AB-92D8-702D4D68324F}.Debug|x86.ActiveCfg = Debug|Any CPU
		{CB9372CD-9C1D-47AB-92D8-702D4D68324F}.DebugFB|Any CPU.ActiveCfg = Debug|Any CPU
		{CB9372CD-9C1D-47AB-92D8-702D4D68324F}.DebugFB|Any CPU.Build.0 = Debug|Any CPU
		{CB9372CD-9C1D-47AB-92D8-702D4D68324F}.DebugFB|x86.ActiveCfg = Debug|Any CPU
		{CB9372CD-9C1D-47AB-92D8-702D4D68324F}.DebugNoRackspace|Any CPU.ActiveCfg = Debug|Any CPU
		{CB9372CD-9C1D-47AB-92D8-702D4D68324F}.DebugNoRackspace|Any CPU.Build.0 = Debug|Any CPU
		{CB9372CD-9C1D-47AB-92D8-702D4D68324F}.DebugNoRackspace|x86.ActiveCfg = Debug|Any CPU
		{CB9372CD-9C1D-47AB-92D8-702D4D68324F}.DebugOpenSocial|Any CPU.ActiveCfg = Debug|Any CPU
		{CB9372CD-9C1D-47AB-92D8-702D4D68324F}.DebugOpenSocial|Any CPU.Build.0 = Debug|Any CPU
		{CB9372CD-9C1D-47AB-92D8-702D4D68324F}.DebugOpenSocial|x86.ActiveCfg = Debug|Any CPU
		{CB9372CD-9C1D-47AB-92D8-702D4D68324F}.Release_Azure|Any CPU.ActiveCfg = Release|Any CPU
		{CB9372CD-9C1D-47AB-92D8-702D4D68324F}.Release_Azure|Any CPU.Build.0 = Release|Any CPU
		{CB9372CD-9C1D-47AB-92D8-702D4D68324F}.Release_Azure|x86.ActiveCfg = Release|Any CPU
		{CB9372CD-9C1D-47AB-92D8-702D4D68324F}.Release_Test|Any CPU.ActiveCfg = Release|Any CPU
		{CB9372CD-9C1D-47AB-92D8-702D4D68324F}.Release_Test|Any CPU.Build.0 = Release|Any CPU
		{CB9372CD-9C1D-47AB-92D8-702D4D68324F}.Release_Test|x86.ActiveCfg = Release|Any CPU
		{CB9372CD-9C1D-47AB-92D8-702D4D68324F}.Release|Any CPU.ActiveCfg = Release|Any CPU
		{CB9372CD-9C1D-47AB-92D8-702D4D68324F}.Release|Any CPU.Build.0 = Release|Any CPU
		{CB9372CD-9C1D-47AB-92D8-702D4D68324F}.Release|x86.ActiveCfg = Release|Any CPU
		{C92DC151-A0BA-4A5E-A20E-620EC9C06AFF}.Debug_Azure|Any CPU.ActiveCfg = Debug|Any CPU
		{C92DC151-A0BA-4A5E-A20E-620EC9C06AFF}.Debug_Azure|Any CPU.Build.0 = Debug|Any CPU
		{C92DC151-A0BA-4A5E-A20E-620EC9C06AFF}.Debug_Azure|x86.ActiveCfg = Debug|Any CPU
		{C92DC151-A0BA-4A5E-A20E-620EC9C06AFF}.Debug_local|Any CPU.ActiveCfg = Debug|Any CPU
		{C92DC151-A0BA-4A5E-A20E-620EC9C06AFF}.Debug_local|Any CPU.Build.0 = Debug|Any CPU
		{C92DC151-A0BA-4A5E-A20E-620EC9C06AFF}.Debug_local|x86.ActiveCfg = Debug|Any CPU
		{C92DC151-A0BA-4A5E-A20E-620EC9C06AFF}.Debug|Any CPU.ActiveCfg = Debug|Any CPU
		{C92DC151-A0BA-4A5E-A20E-620EC9C06AFF}.Debug|Any CPU.Build.0 = Debug|Any CPU
		{C92DC151-A0BA-4A5E-A20E-620EC9C06AFF}.Debug|x86.ActiveCfg = Debug|Any CPU
		{C92DC151-A0BA-4A5E-A20E-620EC9C06AFF}.DebugFB|Any CPU.ActiveCfg = Debug|Any CPU
		{C92DC151-A0BA-4A5E-A20E-620EC9C06AFF}.DebugFB|Any CPU.Build.0 = Debug|Any CPU
		{C92DC151-A0BA-4A5E-A20E-620EC9C06AFF}.DebugFB|x86.ActiveCfg = Debug|Any CPU
		{C92DC151-A0BA-4A5E-A20E-620EC9C06AFF}.DebugNoRackspace|Any CPU.ActiveCfg = Debug|Any CPU
		{C92DC151-A0BA-4A5E-A20E-620EC9C06AFF}.DebugNoRackspace|Any CPU.Build.0 = Debug|Any CPU
		{C92DC151-A0BA-4A5E-A20E-620EC9C06AFF}.DebugNoRackspace|x86.ActiveCfg = Debug|Any CPU
		{C92DC151-A0BA-4A5E-A20E-620EC9C06AFF}.DebugOpenSocial|Any CPU.ActiveCfg = Debug|Any CPU
		{C92DC151-A0BA-4A5E-A20E-620EC9C06AFF}.DebugOpenSocial|Any CPU.Build.0 = Debug|Any CPU
		{C92DC151-A0BA-4A5E-A20E-620EC9C06AFF}.DebugOpenSocial|x86.ActiveCfg = Debug|Any CPU
		{C92DC151-A0BA-4A5E-A20E-620EC9C06AFF}.Release_Azure|Any CPU.ActiveCfg = Release|Any CPU
		{C92DC151-A0BA-4A5E-A20E-620EC9C06AFF}.Release_Azure|Any CPU.Build.0 = Release|Any CPU
		{C92DC151-A0BA-4A5E-A20E-620EC9C06AFF}.Release_Azure|x86.ActiveCfg = Release|Any CPU
		{C92DC151-A0BA-4A5E-A20E-620EC9C06AFF}.Release_Test|Any CPU.ActiveCfg = Release|Any CPU
		{C92DC151-A0BA-4A5E-A20E-620EC9C06AFF}.Release_Test|Any CPU.Build.0 = Release|Any CPU
		{C92DC151-A0BA-4A5E-A20E-620EC9C06AFF}.Release_Test|x86.ActiveCfg = Release|Any CPU
		{C92DC151-A0BA-4A5E-A20E-620EC9C06AFF}.Release|Any CPU.ActiveCfg = Release|Any CPU
		{C92DC151-A0BA-4A5E-A20E-620EC9C06AFF}.Release|Any CPU.Build.0 = Release|Any CPU
		{C92DC151-A0BA-4A5E-A20E-620EC9C06AFF}.Release|x86.ActiveCfg = Release|Any CPU
		{C5EAEA68-6654-4311-951C-577F8924640F}.Debug_Azure|Any CPU.ActiveCfg = Debug_local|Any CPU
		{C5EAEA68-6654-4311-951C-577F8924640F}.Debug_Azure|Any CPU.Build.0 = Debug_local|Any CPU
		{C5EAEA68-6654-4311-951C-577F8924640F}.Debug_Azure|x86.ActiveCfg = Debug_local|Any CPU
		{C5EAEA68-6654-4311-951C-577F8924640F}.Debug_local|Any CPU.ActiveCfg = Debug_local|Any CPU
		{C5EAEA68-6654-4311-951C-577F8924640F}.Debug_local|Any CPU.Build.0 = Debug_local|Any CPU
		{C5EAEA68-6654-4311-951C-577F8924640F}.Debug_local|x86.ActiveCfg = Debug_local|Any CPU
		{C5EAEA68-6654-4311-951C-577F8924640F}.Debug|Any CPU.ActiveCfg = Debug|Any CPU
		{C5EAEA68-6654-4311-951C-577F8924640F}.Debug|Any CPU.Build.0 = Debug|Any CPU
		{C5EAEA68-6654-4311-951C-577F8924640F}.Debug|x86.ActiveCfg = Debug|Any CPU
		{C5EAEA68-6654-4311-951C-577F8924640F}.DebugFB|Any CPU.ActiveCfg = Debug_local|Any CPU
		{C5EAEA68-6654-4311-951C-577F8924640F}.DebugFB|Any CPU.Build.0 = Debug_local|Any CPU
		{C5EAEA68-6654-4311-951C-577F8924640F}.DebugFB|x86.ActiveCfg = Debug_local|Any CPU
		{C5EAEA68-6654-4311-951C-577F8924640F}.DebugNoRackspace|Any CPU.ActiveCfg = Debug_local|Any CPU
		{C5EAEA68-6654-4311-951C-577F8924640F}.DebugNoRackspace|Any CPU.Build.0 = Debug_local|Any CPU
		{C5EAEA68-6654-4311-951C-577F8924640F}.DebugNoRackspace|x86.ActiveCfg = Debug_local|Any CPU
		{C5EAEA68-6654-4311-951C-577F8924640F}.DebugOpenSocial|Any CPU.ActiveCfg = Debug_local|Any CPU
		{C5EAEA68-6654-4311-951C-577F8924640F}.DebugOpenSocial|Any CPU.Build.0 = Debug_local|Any CPU
		{C5EAEA68-6654-4311-951C-577F8924640F}.DebugOpenSocial|x86.ActiveCfg = Debug_local|Any CPU
		{C5EAEA68-6654-4311-951C-577F8924640F}.Release_Azure|Any CPU.ActiveCfg = Release_Test|Any CPU
		{C5EAEA68-6654-4311-951C-577F8924640F}.Release_Azure|Any CPU.Build.0 = Release_Test|Any CPU
		{C5EAEA68-6654-4311-951C-577F8924640F}.Release_Azure|x86.ActiveCfg = Release_Test|Any CPU
		{C5EAEA68-6654-4311-951C-577F8924640F}.Release_Test|Any CPU.ActiveCfg = Release_Test|Any CPU
		{C5EAEA68-6654-4311-951C-577F8924640F}.Release_Test|Any CPU.Build.0 = Release_Test|Any CPU
		{C5EAEA68-6654-4311-951C-577F8924640F}.Release_Test|x86.ActiveCfg = Release_Test|Any CPU
		{C5EAEA68-6654-4311-951C-577F8924640F}.Release|Any CPU.ActiveCfg = Release|Any CPU
		{C5EAEA68-6654-4311-951C-577F8924640F}.Release|Any CPU.Build.0 = Release|Any CPU
		{C5EAEA68-6654-4311-951C-577F8924640F}.Release|x86.ActiveCfg = Release|Any CPU
		{9596BA41-36F8-4A59-ABAA-2A41F224B4C0}.Debug_Azure|Any CPU.ActiveCfg = Debug_local|x86
		{9596BA41-36F8-4A59-ABAA-2A41F224B4C0}.Debug_Azure|x86.ActiveCfg = Debug_local|x86
		{9596BA41-36F8-4A59-ABAA-2A41F224B4C0}.Debug_Azure|x86.Build.0 = Debug_local|x86
		{9596BA41-36F8-4A59-ABAA-2A41F224B4C0}.Debug_local|Any CPU.ActiveCfg = Debug_local|Any CPU
		{9596BA41-36F8-4A59-ABAA-2A41F224B4C0}.Debug_local|Any CPU.Build.0 = Debug_local|Any CPU
		{9596BA41-36F8-4A59-ABAA-2A41F224B4C0}.Debug_local|x86.ActiveCfg = Debug_local|x86
		{9596BA41-36F8-4A59-ABAA-2A41F224B4C0}.Debug_local|x86.Build.0 = Debug_local|x86
		{9596BA41-36F8-4A59-ABAA-2A41F224B4C0}.Debug|Any CPU.ActiveCfg = Debug|Any CPU
		{9596BA41-36F8-4A59-ABAA-2A41F224B4C0}.Debug|Any CPU.Build.0 = Debug|Any CPU
		{9596BA41-36F8-4A59-ABAA-2A41F224B4C0}.Debug|x86.ActiveCfg = Debug|x86
		{9596BA41-36F8-4A59-ABAA-2A41F224B4C0}.Debug|x86.Build.0 = Debug|x86
		{9596BA41-36F8-4A59-ABAA-2A41F224B4C0}.DebugFB|Any CPU.ActiveCfg = Debug_local|x86
		{9596BA41-36F8-4A59-ABAA-2A41F224B4C0}.DebugFB|x86.ActiveCfg = Debug_local|x86
		{9596BA41-36F8-4A59-ABAA-2A41F224B4C0}.DebugFB|x86.Build.0 = Debug_local|x86
		{9596BA41-36F8-4A59-ABAA-2A41F224B4C0}.DebugNoRackspace|Any CPU.ActiveCfg = Debug_local|x86
		{9596BA41-36F8-4A59-ABAA-2A41F224B4C0}.DebugNoRackspace|x86.ActiveCfg = Debug_local|x86
		{9596BA41-36F8-4A59-ABAA-2A41F224B4C0}.DebugNoRackspace|x86.Build.0 = Debug_local|x86
		{9596BA41-36F8-4A59-ABAA-2A41F224B4C0}.DebugOpenSocial|Any CPU.ActiveCfg = Debug_local|x86
		{9596BA41-36F8-4A59-ABAA-2A41F224B4C0}.DebugOpenSocial|x86.ActiveCfg = Debug_local|x86
		{9596BA41-36F8-4A59-ABAA-2A41F224B4C0}.DebugOpenSocial|x86.Build.0 = Debug_local|x86
		{9596BA41-36F8-4A59-ABAA-2A41F224B4C0}.Release_Azure|Any CPU.ActiveCfg = Release_Test|x86
		{9596BA41-36F8-4A59-ABAA-2A41F224B4C0}.Release_Azure|x86.ActiveCfg = Release_Test|x86
		{9596BA41-36F8-4A59-ABAA-2A41F224B4C0}.Release_Azure|x86.Build.0 = Release_Test|x86
		{9596BA41-36F8-4A59-ABAA-2A41F224B4C0}.Release_Test|Any CPU.ActiveCfg = Release_Test|Any CPU
		{9596BA41-36F8-4A59-ABAA-2A41F224B4C0}.Release_Test|Any CPU.Build.0 = Release_Test|Any CPU
		{9596BA41-36F8-4A59-ABAA-2A41F224B4C0}.Release_Test|x86.ActiveCfg = Release_Test|x86
		{9596BA41-36F8-4A59-ABAA-2A41F224B4C0}.Release_Test|x86.Build.0 = Release_Test|x86
		{9596BA41-36F8-4A59-ABAA-2A41F224B4C0}.Release|Any CPU.ActiveCfg = Release|Any CPU
		{9596BA41-36F8-4A59-ABAA-2A41F224B4C0}.Release|Any CPU.Build.0 = Release|Any CPU
		{9596BA41-36F8-4A59-ABAA-2A41F224B4C0}.Release|x86.ActiveCfg = Release|x86
		{9596BA41-36F8-4A59-ABAA-2A41F224B4C0}.Release|x86.Build.0 = Release|x86
	EndGlobalSection
	GlobalSection(SolutionProperties) = preSolution
		HideSolutionNode = FALSE
	EndGlobalSection
	GlobalSection(NestedProjects) = preSolution
		{CB9372CD-9C1D-47AB-92D8-702D4D68324F} = {2EC118A3-C6A3-4B63-BCAF-15AA0E678548}
		{C92DC151-A0BA-4A5E-A20E-620EC9C06AFF} = {2EC118A3-C6A3-4B63-BCAF-15AA0E678548}
		{C5EAEA68-6654-4311-951C-577F8924640F} = {2EC118A3-C6A3-4B63-BCAF-15AA0E678548}
		{9596BA41-36F8-4A59-ABAA-2A41F224B4C0} = {2EC118A3-C6A3-4B63-BCAF-15AA0E678548}
	EndGlobalSection
	GlobalSection(ExtensibilityGlobals) = postSolution
		VisualSVNWorkingCopyRoot = .
	EndGlobalSection
EndGlobal
