Microsoft Visual Studio Solution File, Format Version 12.00
# Visual Studio Version 16
VisualStudioVersion = 16.0.30711.63
MinimumVisualStudioVersion = 10.0.40219.1
Project("{FAE04EC0-301F-11D3-BF4B-00C04F79EFBC}") = "ioschools", "ioschools\ioschools.csproj", "{34A3C5DD-69E7-45FF-A748-8B9089889DBD}"
EndProject
Project("{FAE04EC0-301F-11D3-BF4B-00C04F79EFBC}") = "ioschools.DB", "ioschools.DB\ioschools.DB.csproj", "{E7CAFBB9-D21F-4533-848F-6321C70A9999}"
EndProject
Project("{2150E333-8FDC-42A3-9474-1A3956D46DE8}") = "documentation", "documentation", "{ABB98F17-F45D-4DDC-A7EE-24BEFCD881E2}"
EndProject
Project("{FAE04EC0-301F-11D3-BF4B-00C04F79EFBC}") = "ioschools.Data", "ioschools.Data\ioschools.Data.csproj", "{D0F663B9-FDF4-45FB-928B-37D1C30A8F8C}"
EndProject
Project("{2150E333-8FDC-42A3-9474-1A3956D46DE8}") = "Solution Items", "Solution Items", "{68301B0A-9CC3-42AC-94BB-F3712F10E26C}"
	ProjectSection(SolutionItems) = preProject
		Performance1.psess = Performance1.psess
	EndProjectSection
EndProject
Project("{2150E333-8FDC-42A3-9474-1A3956D46DE8}") = "libraries", "libraries", "{2EC118A3-C6A3-4B63-BCAF-15AA0E678548}"
EndProject
Project("{FAE04EC0-301F-11D3-BF4B-00C04F79EFBC}") = "clearpixels.Logging", "..\clearpixels\clearpixels.Logging\clearpixels.Logging.csproj", "{14E4934E-A77B-4A05-AB59-2AAEFDF10C22}"
EndProject
Project("{FAE04EC0-301F-11D3-BF4B-00C04F79EFBC}") = "DotLiquid", "..\dotnet\dotliquid-1.6.1\src\DotLiquid\DotLiquid.csproj", "{CB9372CD-9C1D-47AB-92D8-702D4D68324F}"
EndProject
Project("{FAE04EC0-301F-11D3-BF4B-00C04F79EFBC}") = "clearpixels.Helpers", "..\clearpixels\clearpixels.Helpers\clearpixels.Helpers.csproj", "{0D0768D7-17E9-45DE-95B9-F24C45B04323}"
EndProject
Project("{FAE04EC0-301F-11D3-BF4B-00C04F79EFBC}") = "clearpixels.Models", "..\clearpixels\clearpixels.Models\clearpixels.Models.csproj", "{EB69AA64-0C7F-49AC-984F-C2DE89321EC2}"
EndProject
Project("{FAE04EC0-301F-11D3-BF4B-00C04F79EFBC}") = "clearpixels.crypto", "..\clearpixels\clearpixels.crypto\clearpixels.crypto.csproj", "{9596BA41-36F8-4A59-ABAA-2A41F224B4C0}"
EndProject
Global
	GlobalSection(SolutionConfigurationPlatforms) = preSolution
		Debug_Azure|Any CPU = Debug_Azure|Any CPU
		Debug_Azure|x86 = Debug_Azure|x86
		Debug_local|Any CPU = Debug_local|Any CPU
		Debug_local|x86 = Debug_local|x86
		Debug|Any CPU = Debug|Any CPU
		Debug|x86 = Debug|x86
		DebugFB|Any CPU = DebugFB|Any CPU
		DebugFB|x86 = DebugFB|x86
		DebugForProfiler|Any CPU = DebugForProfiler|Any CPU
		DebugForProfiler|x86 = DebugForProfiler|x86
		DebugNoRackspace|Any CPU = DebugNoRackspace|Any CPU
		DebugNoRackspace|x86 = DebugNoRackspace|x86
		DebugOpenSocial|Any CPU = DebugOpenSocial|Any CPU
		DebugOpenSocial|x86 = DebugOpenSocial|x86
		Release_Azure|Any CPU = Release_Azure|Any CPU
		Release_Azure|x86 = Release_Azure|x86
		Release_Test|Any CPU = Release_Test|Any CPU
		Release_Test|x86 = Release_Test|x86
		Release|Any CPU = Release|Any CPU
		Release|x86 = Release|x86
	EndGlobalSection
	GlobalSection(ProjectConfigurationPlatforms) = postSolution
		{34A3C5DD-69E7-45FF-A748-8B9089889DBD}.Debug_Azure|Any CPU.ActiveCfg = Debug|Any CPU
		{34A3C5DD-69E7-45FF-A748-8B9089889DBD}.Debug_Azure|Any CPU.Build.0 = Debug|Any CPU
		{34A3C5DD-69E7-45FF-A748-8B9089889DBD}.Debug_Azure|x86.ActiveCfg = Debug|Any CPU
		{34A3C5DD-69E7-45FF-A748-8B9089889DBD}.Debug_local|Any CPU.ActiveCfg = Debug|Any CPU
		{34A3C5DD-69E7-45FF-A748-8B9089889DBD}.Debug_local|Any CPU.Build.0 = Debug|Any CPU
		{34A3C5DD-69E7-45FF-A748-8B9089889DBD}.Debug_local|x86.ActiveCfg = Debug|Any CPU
		{34A3C5DD-69E7-45FF-A748-8B9089889DBD}.Debug|Any CPU.ActiveCfg = Debug|Any CPU
		{34A3C5DD-69E7-45FF-A748-8B9089889DBD}.Debug|Any CPU.Build.0 = Debug|Any CPU
		{34A3C5DD-69E7-45FF-A748-8B9089889DBD}.Debug|x86.ActiveCfg = Debug|Any CPU
		{34A3C5DD-69E7-45FF-A748-8B9089889DBD}.DebugFB|Any CPU.ActiveCfg = Debug|Any CPU
		{34A3C5DD-69E7-45FF-A748-8B9089889DBD}.DebugFB|Any CPU.Build.0 = Debug|Any CPU
		{34A3C5DD-69E7-45FF-A748-8B9089889DBD}.DebugFB|x86.ActiveCfg = Debug|Any CPU
		{34A3C5DD-69E7-45FF-A748-8B9089889DBD}.DebugForProfiler|Any CPU.ActiveCfg = Debug|Any CPU
		{34A3C5DD-69E7-45FF-A748-8B9089889DBD}.DebugForProfiler|x86.ActiveCfg = Debug|Any CPU
		{34A3C5DD-69E7-45FF-A748-8B9089889DBD}.DebugNoRackspace|Any CPU.ActiveCfg = Debug|Any CPU
		{34A3C5DD-69E7-45FF-A748-8B9089889DBD}.DebugNoRackspace|Any CPU.Build.0 = Debug|Any CPU
		{34A3C5DD-69E7-45FF-A748-8B9089889DBD}.DebugNoRackspace|x86.ActiveCfg = Debug|Any CPU
		{34A3C5DD-69E7-45FF-A748-8B9089889DBD}.DebugOpenSocial|Any CPU.ActiveCfg = Debug|Any CPU
		{34A3C5DD-69E7-45FF-A748-8B9089889DBD}.DebugOpenSocial|Any CPU.Build.0 = Debug|Any CPU
		{34A3C5DD-69E7-45FF-A748-8B9089889DBD}.DebugOpenSocial|x86.ActiveCfg = Debug|Any CPU
		{34A3C5DD-69E7-45FF-A748-8B9089889DBD}.Release_Azure|Any CPU.ActiveCfg = Release|Any CPU
		{34A3C5DD-69E7-45FF-A748-8B9089889DBD}.Release_Azure|Any CPU.Build.0 = Release|Any CPU
		{34A3C5DD-69E7-45FF-A748-8B9089889DBD}.Release_Azure|x86.ActiveCfg = Release|Any CPU
		{34A3C5DD-69E7-45FF-A748-8B9089889DBD}.Release_Azure|x86.Build.0 = Release|Any CPU
		{34A3C5DD-69E7-45FF-A748-8B9089889DBD}.Release_Test|Any CPU.ActiveCfg = Release|Any CPU
		{34A3C5DD-69E7-45FF-A748-8B9089889DBD}.Release_Test|Any CPU.Build.0 = Release|Any CPU
		{34A3C5DD-69E7-45FF-A748-8B9089889DBD}.Release_Test|x86.ActiveCfg = Release|Any CPU
		{34A3C5DD-69E7-45FF-A748-8B9089889DBD}.Release_Test|x86.Build.0 = Release|Any CPU
		{34A3C5DD-69E7-45FF-A748-8B9089889DBD}.Release|Any CPU.ActiveCfg = Release|Any CPU
		{34A3C5DD-69E7-45FF-A748-8B9089889DBD}.Release|Any CPU.Build.0 = Release|Any CPU
		{34A3C5DD-69E7-45FF-A748-8B9089889DBD}.Release|x86.ActiveCfg = Release|Any CPU
		{E7CAFBB9-D21F-4533-848F-6321C70A9999}.Debug_Azure|Any CPU.ActiveCfg = Debug|Any CPU
		{E7CAFBB9-D21F-4533-848F-6321C70A9999}.Debug_Azure|Any CPU.Build.0 = Debug|Any CPU
		{E7CAFBB9-D21F-4533-848F-6321C70A9999}.Debug_Azure|x86.ActiveCfg = Debug|Any CPU
		{E7CAFBB9-D21F-4533-848F-6321C70A9999}.Debug_local|Any CPU.ActiveCfg = Debug|Any CPU
		{E7CAFBB9-D21F-4533-848F-6321C70A9999}.Debug_local|Any CPU.Build.0 = Debug|Any CPU
		{E7CAFBB9-D21F-4533-848F-6321C70A9999}.Debug_local|x86.ActiveCfg = Debug|Any CPU
		{E7CAFBB9-D21F-4533-848F-6321C70A9999}.Debug|Any CPU.ActiveCfg = Debug|Any CPU
		{E7CAFBB9-D21F-4533-848F-6321C70A9999}.Debug|Any CPU.Build.0 = Debug|Any CPU
		{E7CAFBB9-D21F-4533-848F-6321C70A9999}.Debug|x86.ActiveCfg = Debug|Any CPU
		{E7CAFBB9-D21F-4533-848F-6321C70A9999}.DebugFB|Any CPU.ActiveCfg = Debug|Any CPU
		{E7CAFBB9-D21F-4533-848F-6321C70A9999}.DebugFB|Any CPU.Build.0 = Debug|Any CPU
		{E7CAFBB9-D21F-4533-848F-6321C70A9999}.DebugFB|x86.ActiveCfg = Debug|Any CPU
		{E7CAFBB9-D21F-4533-848F-6321C70A9999}.DebugForProfiler|Any CPU.ActiveCfg = Debug|Any CPU
		{E7CAFBB9-D21F-4533-848F-6321C70A9999}.DebugForProfiler|Any CPU.Build.0 = Debug|Any CPU
		{E7CAFBB9-D21F-4533-848F-6321C70A9999}.DebugForProfiler|x86.ActiveCfg = Debug|Any CPU
		{E7CAFBB9-D21F-4533-848F-6321C70A9999}.DebugForProfiler|x86.Build.0 = Debug|Any CPU
		{E7CAFBB9-D21F-4533-848F-6321C70A9999}.DebugNoRackspace|Any CPU.ActiveCfg = Debug|Any CPU
		{E7CAFBB9-D21F-4533-848F-6321C70A9999}.DebugNoRackspace|Any CPU.Build.0 = Debug|Any CPU
		{E7CAFBB9-D21F-4533-848F-6321C70A9999}.DebugNoRackspace|x86.ActiveCfg = Debug|Any CPU
		{E7CAFBB9-D21F-4533-848F-6321C70A9999}.DebugOpenSocial|Any CPU.ActiveCfg = Debug|Any CPU
		{E7CAFBB9-D21F-4533-848F-6321C70A9999}.DebugOpenSocial|Any CPU.Build.0 = Debug|Any CPU
		{E7CAFBB9-D21F-4533-848F-6321C70A9999}.DebugOpenSocial|x86.ActiveCfg = Debug|Any CPU
		{E7CAFBB9-D21F-4533-848F-6321C70A9999}.Release_Azure|Any CPU.ActiveCfg = Release|Any CPU
		{E7CAFBB9-D21F-4533-848F-6321C70A9999}.Release_Azure|Any CPU.Build.0 = Release|Any CPU
		{E7CAFBB9-D21F-4533-848F-6321C70A9999}.Release_Azure|x86.ActiveCfg = Release_Test|Any CPU
		{E7CAFBB9-D21F-4533-848F-6321C70A9999}.Release_Test|Any CPU.ActiveCfg = Release_Test|Any CPU
		{E7CAFBB9-D21F-4533-848F-6321C70A9999}.Release_Test|Any CPU.Build.0 = Release_Test|Any CPU
		{E7CAFBB9-D21F-4533-848F-6321C70A9999}.Release_Test|x86.ActiveCfg = Release_Test|Any CPU
		{E7CAFBB9-D21F-4533-848F-6321C70A9999}.Release|Any CPU.ActiveCfg = Release|Any CPU
		{E7CAFBB9-D21F-4533-848F-6321C70A9999}.Release|Any CPU.Build.0 = Release|Any CPU
		{E7CAFBB9-D21F-4533-848F-6321C70A9999}.Release|x86.ActiveCfg = Release|Any CPU
		{D0F663B9-FDF4-45FB-928B-37D1C30A8F8C}.Debug_Azure|Any CPU.ActiveCfg = Debug|Any CPU
		{D0F663B9-FDF4-45FB-928B-37D1C30A8F8C}.Debug_Azure|Any CPU.Build.0 = Debug|Any CPU
		{D0F663B9-FDF4-45FB-928B-37D1C30A8F8C}.Debug_Azure|x86.ActiveCfg = Debug|Any CPU
		{D0F663B9-FDF4-45FB-928B-37D1C30A8F8C}.Debug_local|Any CPU.ActiveCfg = Debug|Any CPU
		{D0F663B9-FDF4-45FB-928B-37D1C30A8F8C}.Debug_local|Any CPU.Build.0 = Debug|Any CPU
		{D0F663B9-FDF4-45FB-928B-37D1C30A8F8C}.Debug_local|x86.ActiveCfg = Debug|Any CPU
		{D0F663B9-FDF4-45FB-928B-37D1C30A8F8C}.Debug|Any CPU.ActiveCfg = Debug|Any CPU
		{D0F663B9-FDF4-45FB-928B-37D1C30A8F8C}.Debug|Any CPU.Build.0 = Debug|Any CPU
		{D0F663B9-FDF4-45FB-928B-37D1C30A8F8C}.Debug|x86.ActiveCfg = Debug|Any CPU
		{D0F663B9-FDF4-45FB-928B-37D1C30A8F8C}.DebugFB|Any CPU.ActiveCfg = Debug|Any CPU
		{D0F663B9-FDF4-45FB-928B-37D1C30A8F8C}.DebugFB|Any CPU.Build.0 = Debug|Any CPU
		{D0F663B9-FDF4-45FB-928B-37D1C30A8F8C}.DebugFB|x86.ActiveCfg = Debug|Any CPU
		{D0F663B9-FDF4-45FB-928B-37D1C30A8F8C}.DebugForProfiler|Any CPU.ActiveCfg = Debug|Any CPU
		{D0F663B9-FDF4-45FB-928B-37D1C30A8F8C}.DebugForProfiler|Any CPU.Build.0 = Debug|Any CPU
		{D0F663B9-FDF4-45FB-928B-37D1C30A8F8C}.DebugForProfiler|x86.ActiveCfg = Debug|Any CPU
		{D0F663B9-FDF4-45FB-928B-37D1C30A8F8C}.DebugForProfiler|x86.Build.0 = Debug|Any CPU
		{D0F663B9-FDF4-45FB-928B-37D1C30A8F8C}.DebugNoRackspace|Any CPU.ActiveCfg = Debug|Any CPU
		{D0F663B9-FDF4-45FB-928B-37D1C30A8F8C}.DebugNoRackspace|Any CPU.Build.0 = Debug|Any CPU
		{D0F663B9-FDF4-45FB-928B-37D1C30A8F8C}.DebugNoRackspace|x86.ActiveCfg = Debug|Any CPU
		{D0F663B9-FDF4-45FB-928B-37D1C30A8F8C}.DebugOpenSocial|Any CPU.ActiveCfg = Debug|Any CPU
		{D0F663B9-FDF4-45FB-928B-37D1C30A8F8C}.DebugOpenSocial|Any CPU.Build.0 = Debug|Any CPU
		{D0F663B9-FDF4-45FB-928B-37D1C30A8F8C}.DebugOpenSocial|x86.ActiveCfg = Debug|Any CPU
		{D0F663B9-FDF4-45FB-928B-37D1C30A8F8C}.Release_Azure|Any CPU.ActiveCfg = Release|Any CPU
		{D0F663B9-FDF4-45FB-928B-37D1C30A8F8C}.Release_Azure|Any CPU.Build.0 = Release|Any CPU
		{D0F663B9-FDF4-45FB-928B-37D1C30A8F8C}.Release_Azure|x86.ActiveCfg = Release_Test|Any CPU
		{D0F663B9-FDF4-45FB-928B-37D1C30A8F8C}.Release_Test|Any CPU.ActiveCfg = Release_Test|Any CPU
		{D0F663B9-FDF4-45FB-928B-37D1C30A8F8C}.Release_Test|Any CPU.Build.0 = Release_Test|Any CPU
		{D0F663B9-FDF4-45FB-928B-37D1C30A8F8C}.Release_Test|x86.ActiveCfg = Release_Test|Any CPU
		{D0F663B9-FDF4-45FB-928B-37D1C30A8F8C}.Release|Any CPU.ActiveCfg = Release|Any CPU
		{D0F663B9-FDF4-45FB-928B-37D1C30A8F8C}.Release|Any CPU.Build.0 = Release|Any CPU
		{D0F663B9-FDF4-45FB-928B-37D1C30A8F8C}.Release|x86.ActiveCfg = Release|Any CPU
		{14E4934E-A77B-4A05-AB59-2AAEFDF10C22}.Debug_Azure|Any CPU.ActiveCfg = Debug_local|Any CPU
		{14E4934E-A77B-4A05-AB59-2AAEFDF10C22}.Debug_Azure|Any CPU.Build.0 = Debug_local|Any CPU
		{14E4934E-A77B-4A05-AB59-2AAEFDF10C22}.Debug_Azure|x86.ActiveCfg = Debug_local|Any CPU
		{14E4934E-A77B-4A05-AB59-2AAEFDF10C22}.Debug_local|Any CPU.ActiveCfg = Debug_local|Any CPU
		{14E4934E-A77B-4A05-AB59-2AAEFDF10C22}.Debug_local|Any CPU.Build.0 = Debug_local|Any CPU
		{14E4934E-A77B-4A05-AB59-2AAEFDF10C22}.Debug_local|x86.ActiveCfg = Debug_local|Any CPU
		{14E4934E-A77B-4A05-AB59-2AAEFDF10C22}.Debug|Any CPU.ActiveCfg = Debug|Any CPU
		{14E4934E-A77B-4A05-AB59-2AAEFDF10C22}.Debug|Any CPU.Build.0 = Debug|Any CPU
		{14E4934E-A77B-4A05-AB59-2AAEFDF10C22}.Debug|x86.ActiveCfg = Debug|Any CPU
		{14E4934E-A77B-4A05-AB59-2AAEFDF10C22}.DebugFB|Any CPU.ActiveCfg = Debug_local|Any CPU
		{14E4934E-A77B-4A05-AB59-2AAEFDF10C22}.DebugFB|Any CPU.Build.0 = Debug_local|Any CPU
		{14E4934E-A77B-4A05-AB59-2AAEFDF10C22}.DebugFB|x86.ActiveCfg = Debug_local|Any CPU
		{14E4934E-A77B-4A05-AB59-2AAEFDF10C22}.DebugForProfiler|Any CPU.ActiveCfg = DebugForProfiler|Any CPU
		{14E4934E-A77B-4A05-AB59-2AAEFDF10C22}.DebugForProfiler|Any CPU.Build.0 = DebugForProfiler|Any CPU
		{14E4934E-A77B-4A05-AB59-2AAEFDF10C22}.DebugForProfiler|x86.ActiveCfg = DebugForProfiler|Any CPU
		{14E4934E-A77B-4A05-AB59-2AAEFDF10C22}.DebugForProfiler|x86.Build.0 = DebugForProfiler|Any CPU
		{14E4934E-A77B-4A05-AB59-2AAEFDF10C22}.DebugNoRackspace|Any CPU.ActiveCfg = Debug_local|Any CPU
		{14E4934E-A77B-4A05-AB59-2AAEFDF10C22}.DebugNoRackspace|Any CPU.Build.0 = Debug_local|Any CPU
		{14E4934E-A77B-4A05-AB59-2AAEFDF10C22}.DebugNoRackspace|x86.ActiveCfg = Debug_local|Any CPU
		{14E4934E-A77B-4A05-AB59-2AAEFDF10C22}.DebugOpenSocial|Any CPU.ActiveCfg = Debug_local|Any CPU
		{14E4934E-A77B-4A05-AB59-2AAEFDF10C22}.DebugOpenSocial|Any CPU.Build.0 = Debug_local|Any CPU
		{14E4934E-A77B-4A05-AB59-2AAEFDF10C22}.DebugOpenSocial|x86.ActiveCfg = Debug_local|Any CPU
		{14E4934E-A77B-4A05-AB59-2AAEFDF10C22}.Release_Azure|Any CPU.ActiveCfg = Release_Test|Any CPU
		{14E4934E-A77B-4A05-AB59-2AAEFDF10C22}.Release_Azure|Any CPU.Build.0 = Release_Test|Any CPU
		{14E4934E-A77B-4A05-AB59-2AAEFDF10C22}.Release_Azure|x86.ActiveCfg = Release_Test|Any CPU
		{14E4934E-A77B-4A05-AB59-2AAEFDF10C22}.Release_Test|Any CPU.ActiveCfg = Release_Test|Any CPU
		{14E4934E-A77B-4A05-AB59-2AAEFDF10C22}.Release_Test|Any CPU.Build.0 = Release_Test|Any CPU
		{14E4934E-A77B-4A05-AB59-2AAEFDF10C22}.Release_Test|x86.ActiveCfg = Release_Test|Any CPU
		{14E4934E-A77B-4A05-AB59-2AAEFDF10C22}.Release|Any CPU.ActiveCfg = Release|Any CPU
		{14E4934E-A77B-4A05-AB59-2AAEFDF10C22}.Release|Any CPU.Build.0 = Release|Any CPU
		{14E4934E-A77B-4A05-AB59-2AAEFDF10C22}.Release|x86.ActiveCfg = Release|Any CPU
		{CB9372CD-9C1D-47AB-92D8-702D4D68324F}.Debug_Azure|Any CPU.ActiveCfg = Debug|Any CPU
		{CB9372CD-9C1D-47AB-92D8-702D4D68324F}.Debug_Azure|Any CPU.Build.0 = Debug|Any CPU
		{CB9372CD-9C1D-47AB-92D8-702D4D68324F}.Debug_Azure|x86.ActiveCfg = Debug|Any CPU
		{CB9372CD-9C1D-47AB-92D8-702D4D68324F}.Debug_Azure|x86.Build.0 = Debug|Any CPU
		{CB9372CD-9C1D-47AB-92D8-702D4D68324F}.Debug_local|Any CPU.ActiveCfg = Debug|Any CPU
		{CB9372CD-9C1D-47AB-92D8-702D4D68324F}.Debug_local|Any CPU.Build.0 = Debug|Any CPU
		{CB9372CD-9C1D-47AB-92D8-702D4D68324F}.Debug_local|x86.ActiveCfg = Debug|Any CPU
		{CB9372CD-9C1D-47AB-92D8-702D4D68324F}.Debug_local|x86.Build.0 = Debug|Any CPU
		{CB9372CD-9C1D-47AB-92D8-702D4D68324F}.Debug|Any CPU.ActiveCfg = Debug|Any CPU
		{CB9372CD-9C1D-47AB-92D8-702D4D68324F}.Debug|Any CPU.Build.0 = Debug|Any CPU
		{CB9372CD-9C1D-47AB-92D8-702D4D68324F}.Debug|x86.ActiveCfg = Debug|Any CPU
		{CB9372CD-9C1D-47AB-92D8-702D4D68324F}.Debug|x86.Build.0 = Debug|Any CPU
		{CB9372CD-9C1D-47AB-92D8-702D4D68324F}.DebugFB|Any CPU.ActiveCfg = Debug|Any CPU
		{CB9372CD-9C1D-47AB-92D8-702D4D68324F}.DebugFB|Any CPU.Build.0 = Debug|Any CPU
		{CB9372CD-9C1D-47AB-92D8-702D4D68324F}.DebugFB|x86.ActiveCfg = Debug|Any CPU
		{CB9372CD-9C1D-47AB-92D8-702D4D68324F}.DebugFB|x86.Build.0 = Debug|Any CPU
		{CB9372CD-9C1D-47AB-92D8-702D4D68324F}.DebugForProfiler|Any CPU.ActiveCfg = Debug|Any CPU
		{CB9372CD-9C1D-47AB-92D8-702D4D68324F}.DebugForProfiler|Any CPU.Build.0 = Debug|Any CPU
		{CB9372CD-9C1D-47AB-92D8-702D4D68324F}.DebugForProfiler|x86.ActiveCfg = Debug|Any CPU
		{CB9372CD-9C1D-47AB-92D8-702D4D68324F}.DebugForProfiler|x86.Build.0 = Debug|Any CPU
		{CB9372CD-9C1D-47AB-92D8-702D4D68324F}.DebugNoRackspace|Any CPU.ActiveCfg = Debug|Any CPU
		{CB9372CD-9C1D-47AB-92D8-702D4D68324F}.DebugNoRackspace|Any CPU.Build.0 = Debug|Any CPU
		{CB9372CD-9C1D-47AB-92D8-702D4D68324F}.DebugNoRackspace|x86.ActiveCfg = Debug|Any CPU
		{CB9372CD-9C1D-47AB-92D8-702D4D68324F}.DebugNoRackspace|x86.Build.0 = Debug|Any CPU
		{CB9372CD-9C1D-47AB-92D8-702D4D68324F}.DebugOpenSocial|Any CPU.ActiveCfg = Debug|Any CPU
		{CB9372CD-9C1D-47AB-92D8-702D4D68324F}.DebugOpenSocial|Any CPU.Build.0 = Debug|Any CPU
		{CB9372CD-9C1D-47AB-92D8-702D4D68324F}.DebugOpenSocial|x86.ActiveCfg = Debug|Any CPU
		{CB9372CD-9C1D-47AB-92D8-702D4D68324F}.DebugOpenSocial|x86.Build.0 = Debug|Any CPU
		{CB9372CD-9C1D-47AB-92D8-702D4D68324F}.Release_Azure|Any CPU.ActiveCfg = Release|Any CPU
		{CB9372CD-9C1D-47AB-92D8-702D4D68324F}.Release_Azure|Any CPU.Build.0 = Release|Any CPU
		{CB9372CD-9C1D-47AB-92D8-702D4D68324F}.Release_Azure|x86.ActiveCfg = Release|Any CPU
		{CB9372CD-9C1D-47AB-92D8-702D4D68324F}.Release_Azure|x86.Build.0 = Release|Any CPU
		{CB9372CD-9C1D-47AB-92D8-702D4D68324F}.Release_Test|Any CPU.ActiveCfg = Release|Any CPU
		{CB9372CD-9C1D-47AB-92D8-702D4D68324F}.Release_Test|Any CPU.Build.0 = Release|Any CPU
		{CB9372CD-9C1D-47AB-92D8-702D4D68324F}.Release_Test|x86.ActiveCfg = Release|Any CPU
		{CB9372CD-9C1D-47AB-92D8-702D4D68324F}.Release_Test|x86.Build.0 = Release|Any CPU
		{CB9372CD-9C1D-47AB-92D8-702D4D68324F}.Release|Any CPU.ActiveCfg = Release|Any CPU
		{CB9372CD-9C1D-47AB-92D8-702D4D68324F}.Release|Any CPU.Build.0 = Release|Any CPU
		{CB9372CD-9C1D-47AB-92D8-702D4D68324F}.Release|x86.ActiveCfg = Release|Any CPU
		{CB9372CD-9C1D-47AB-92D8-702D4D68324F}.Release|x86.Build.0 = Release|Any CPU
		{0D0768D7-17E9-45DE-95B9-F24C45B04323}.Debug_Azure|Any CPU.ActiveCfg = Debug_local|Any CPU
		{0D0768D7-17E9-45DE-95B9-F24C45B04323}.Debug_Azure|Any CPU.Build.0 = Debug_local|Any CPU
		{0D0768D7-17E9-45DE-95B9-F24C45B04323}.Debug_Azure|x86.ActiveCfg = Debug_local|Any CPU
		{0D0768D7-17E9-45DE-95B9-F24C45B04323}.Debug_Azure|x86.Build.0 = Debug_local|Any CPU
		{0D0768D7-17E9-45DE-95B9-F24C45B04323}.Debug_local|Any CPU.ActiveCfg = Debug_local|Any CPU
		{0D0768D7-17E9-45DE-95B9-F24C45B04323}.Debug_local|Any CPU.Build.0 = Debug_local|Any CPU
		{0D0768D7-17E9-45DE-95B9-F24C45B04323}.Debug_local|x86.ActiveCfg = Debug_local|Any CPU
		{0D0768D7-17E9-45DE-95B9-F24C45B04323}.Debug_local|x86.Build.0 = Debug_local|Any CPU
		{0D0768D7-17E9-45DE-95B9-F24C45B04323}.Debug|Any CPU.ActiveCfg = Debug|Any CPU
		{0D0768D7-17E9-45DE-95B9-F24C45B04323}.Debug|Any CPU.Build.0 = Debug|Any CPU
		{0D0768D7-17E9-45DE-95B9-F24C45B04323}.Debug|x86.ActiveCfg = Debug|Any CPU
		{0D0768D7-17E9-45DE-95B9-F24C45B04323}.Debug|x86.Build.0 = Debug|Any CPU
		{0D0768D7-17E9-45DE-95B9-F24C45B04323}.DebugFB|Any CPU.ActiveCfg = DebugForProfiler|Any CPU
		{0D0768D7-17E9-45DE-95B9-F24C45B04323}.DebugFB|Any CPU.Build.0 = DebugForProfiler|Any CPU
		{0D0768D7-17E9-45DE-95B9-F24C45B04323}.DebugFB|x86.ActiveCfg = DebugForProfiler|Any CPU
		{0D0768D7-17E9-45DE-95B9-F24C45B04323}.DebugFB|x86.Build.0 = DebugForProfiler|Any CPU
		{0D0768D7-17E9-45DE-95B9-F24C45B04323}.DebugForProfiler|Any CPU.ActiveCfg = DebugForProfiler|Any CPU
		{0D0768D7-17E9-45DE-95B9-F24C45B04323}.DebugForProfiler|Any CPU.Build.0 = DebugForProfiler|Any CPU
		{0D0768D7-17E9-45DE-95B9-F24C45B04323}.DebugForProfiler|x86.ActiveCfg = DebugForProfiler|Any CPU
		{0D0768D7-17E9-45DE-95B9-F24C45B04323}.DebugForProfiler|x86.Build.0 = DebugForProfiler|Any CPU
		{0D0768D7-17E9-45DE-95B9-F24C45B04323}.DebugNoRackspace|Any CPU.ActiveCfg = DebugForProfiler|Any CPU
		{0D0768D7-17E9-45DE-95B9-F24C45B04323}.DebugNoRackspace|Any CPU.Build.0 = DebugForProfiler|Any CPU
		{0D0768D7-17E9-45DE-95B9-F24C45B04323}.DebugNoRackspace|x86.ActiveCfg = DebugForProfiler|Any CPU
		{0D0768D7-17E9-45DE-95B9-F24C45B04323}.DebugNoRackspace|x86.Build.0 = DebugForProfiler|Any CPU
		{0D0768D7-17E9-45DE-95B9-F24C45B04323}.DebugOpenSocial|Any CPU.ActiveCfg = DebugForProfiler|Any CPU
		{0D0768D7-17E9-45DE-95B9-F24C45B04323}.DebugOpenSocial|Any CPU.Build.0 = DebugForProfiler|Any CPU
		{0D0768D7-17E9-45DE-95B9-F24C45B04323}.DebugOpenSocial|x86.ActiveCfg = DebugForProfiler|Any CPU
		{0D0768D7-17E9-45DE-95B9-F24C45B04323}.DebugOpenSocial|x86.Build.0 = DebugForProfiler|Any CPU
		{0D0768D7-17E9-45DE-95B9-F24C45B04323}.Release_Azure|Any CPU.ActiveCfg = Release_Test|Any CPU
		{0D0768D7-17E9-45DE-95B9-F24C45B04323}.Release_Azure|Any CPU.Build.0 = Release_Test|Any CPU
		{0D0768D7-17E9-45DE-95B9-F24C45B04323}.Release_Azure|x86.ActiveCfg = Release_Test|Any CPU
		{0D0768D7-17E9-45DE-95B9-F24C45B04323}.Release_Azure|x86.Build.0 = Release_Test|Any CPU
		{0D0768D7-17E9-45DE-95B9-F24C45B04323}.Release_Test|Any CPU.ActiveCfg = Release_Test|Any CPU
		{0D0768D7-17E9-45DE-95B9-F24C45B04323}.Release_Test|Any CPU.Build.0 = Release_Test|Any CPU
		{0D0768D7-17E9-45DE-95B9-F24C45B04323}.Release_Test|x86.ActiveCfg = Release_Test|Any CPU
		{0D0768D7-17E9-45DE-95B9-F24C45B04323}.Release_Test|x86.Build.0 = Release_Test|Any CPU
		{0D0768D7-17E9-45DE-95B9-F24C45B04323}.Release|Any CPU.ActiveCfg = Release|Any CPU
		{0D0768D7-17E9-45DE-95B9-F24C45B04323}.Release|Any CPU.Build.0 = Release|Any CPU
		{0D0768D7-17E9-45DE-95B9-F24C45B04323}.Release|x86.ActiveCfg = Release|Any CPU
		{0D0768D7-17E9-45DE-95B9-F24C45B04323}.Release|x86.Build.0 = Release|Any CPU
		{EB69AA64-0C7F-49AC-984F-C2DE89321EC2}.Debug_Azure|Any CPU.ActiveCfg = DebugForProfiler|Any CPU
		{EB69AA64-0C7F-49AC-984F-C2DE89321EC2}.Debug_Azure|Any CPU.Build.0 = DebugForProfiler|Any CPU
		{EB69AA64-0C7F-49AC-984F-C2DE89321EC2}.Debug_Azure|x86.ActiveCfg = DebugForProfiler|Any CPU
		{EB69AA64-0C7F-49AC-984F-C2DE89321EC2}.Debug_Azure|x86.Build.0 = DebugForProfiler|Any CPU
		{EB69AA64-0C7F-49AC-984F-C2DE89321EC2}.Debug_local|Any CPU.ActiveCfg = DebugForProfiler|Any CPU
		{EB69AA64-0C7F-49AC-984F-C2DE89321EC2}.Debug_local|Any CPU.Build.0 = DebugForProfiler|Any CPU
		{EB69AA64-0C7F-49AC-984F-C2DE89321EC2}.Debug_local|x86.ActiveCfg = DebugForProfiler|Any CPU
		{EB69AA64-0C7F-49AC-984F-C2DE89321EC2}.Debug_local|x86.Build.0 = DebugForProfiler|Any CPU
		{EB69AA64-0C7F-49AC-984F-C2DE89321EC2}.Debug|Any CPU.ActiveCfg = Debug|Any CPU
		{EB69AA64-0C7F-49AC-984F-C2DE89321EC2}.Debug|Any CPU.Build.0 = Debug|Any CPU
		{EB69AA64-0C7F-49AC-984F-C2DE89321EC2}.Debug|x86.ActiveCfg = Debug|Any CPU
		{EB69AA64-0C7F-49AC-984F-C2DE89321EC2}.Debug|x86.Build.0 = Debug|Any CPU
		{EB69AA64-0C7F-49AC-984F-C2DE89321EC2}.DebugFB|Any CPU.ActiveCfg = DebugForProfiler|Any CPU
		{EB69AA64-0C7F-49AC-984F-C2DE89321EC2}.DebugFB|Any CPU.Build.0 = DebugForProfiler|Any CPU
		{EB69AA64-0C7F-49AC-984F-C2DE89321EC2}.DebugFB|x86.ActiveCfg = DebugForProfiler|Any CPU
		{EB69AA64-0C7F-49AC-984F-C2DE89321EC2}.DebugFB|x86.Build.0 = DebugForProfiler|Any CPU
		{EB69AA64-0C7F-49AC-984F-C2DE89321EC2}.DebugForProfiler|Any CPU.ActiveCfg = DebugForProfiler|Any CPU
		{EB69AA64-0C7F-49AC-984F-C2DE89321EC2}.DebugForProfiler|Any CPU.Build.0 = DebugForProfiler|Any CPU
		{EB69AA64-0C7F-49AC-984F-C2DE89321EC2}.DebugForProfiler|x86.ActiveCfg = DebugForProfiler|Any CPU
		{EB69AA64-0C7F-49AC-984F-C2DE89321EC2}.DebugForProfiler|x86.Build.0 = DebugForProfiler|Any CPU
		{EB69AA64-0C7F-49AC-984F-C2DE89321EC2}.DebugNoRackspace|Any CPU.ActiveCfg = DebugForProfiler|Any CPU
		{EB69AA64-0C7F-49AC-984F-C2DE89321EC2}.DebugNoRackspace|Any CPU.Build.0 = DebugForProfiler|Any CPU
		{EB69AA64-0C7F-49AC-984F-C2DE89321EC2}.DebugNoRackspace|x86.ActiveCfg = DebugForProfiler|Any CPU
		{EB69AA64-0C7F-49AC-984F-C2DE89321EC2}.DebugNoRackspace|x86.Build.0 = DebugForProfiler|Any CPU
		{EB69AA64-0C7F-49AC-984F-C2DE89321EC2}.DebugOpenSocial|Any CPU.ActiveCfg = DebugForProfiler|Any CPU
		{EB69AA64-0C7F-49AC-984F-C2DE89321EC2}.DebugOpenSocial|Any CPU.Build.0 = DebugForProfiler|Any CPU
		{EB69AA64-0C7F-49AC-984F-C2DE89321EC2}.DebugOpenSocial|x86.ActiveCfg = DebugForProfiler|Any CPU
		{EB69AA64-0C7F-49AC-984F-C2DE89321EC2}.DebugOpenSocial|x86.Build.0 = DebugForProfiler|Any CPU
		{EB69AA64-0C7F-49AC-984F-C2DE89321EC2}.Release_Azure|Any CPU.ActiveCfg = Release|Any CPU
		{EB69AA64-0C7F-49AC-984F-C2DE89321EC2}.Release_Azure|Any CPU.Build.0 = Release|Any CPU
		{EB69AA64-0C7F-49AC-984F-C2DE89321EC2}.Release_Azure|x86.ActiveCfg = Release|Any CPU
		{EB69AA64-0C7F-49AC-984F-C2DE89321EC2}.Release_Azure|x86.Build.0 = Release|Any CPU
		{EB69AA64-0C7F-49AC-984F-C2DE89321EC2}.Release_Test|Any CPU.ActiveCfg = Release|Any CPU
		{EB69AA64-0C7F-49AC-984F-C2DE89321EC2}.Release_Test|Any CPU.Build.0 = Release|Any CPU
		{EB69AA64-0C7F-49AC-984F-C2DE89321EC2}.Release_Test|x86.ActiveCfg = Release|Any CPU
		{EB69AA64-0C7F-49AC-984F-C2DE89321EC2}.Release_Test|x86.Build.0 = Release|Any CPU
		{EB69AA64-0C7F-49AC-984F-C2DE89321EC2}.Release|Any CPU.ActiveCfg = Release|Any CPU
		{EB69AA64-0C7F-49AC-984F-C2DE89321EC2}.Release|Any CPU.Build.0 = Release|Any CPU
		{EB69AA64-0C7F-49AC-984F-C2DE89321EC2}.Release|x86.ActiveCfg = Release|Any CPU
		{EB69AA64-0C7F-49AC-984F-C2DE89321EC2}.Release|x86.Build.0 = Release|Any CPU
		{9596BA41-36F8-4A59-ABAA-2A41F224B4C0}.Debug_Azure|Any CPU.ActiveCfg = Debug_local|Any CPU
		{9596BA41-36F8-4A59-ABAA-2A41F224B4C0}.Debug_Azure|Any CPU.Build.0 = Debug_local|Any CPU
		{9596BA41-36F8-4A59-ABAA-2A41F224B4C0}.Debug_Azure|x86.ActiveCfg = Debug_local|x86
		{9596BA41-36F8-4A59-ABAA-2A41F224B4C0}.Debug_Azure|x86.Build.0 = Debug_local|x86
		{9596BA41-36F8-4A59-ABAA-2A41F224B4C0}.Debug_local|Any CPU.ActiveCfg = Debug_local|Any CPU
		{9596BA41-36F8-4A59-ABAA-2A41F224B4C0}.Debug_local|Any CPU.Build.0 = Debug_local|Any CPU
		{9596BA41-36F8-4A59-ABAA-2A41F224B4C0}.Debug_local|x86.ActiveCfg = Debug_local|x86
		{9596BA41-36F8-4A59-ABAA-2A41F224B4C0}.Debug_local|x86.Build.0 = Debug_local|x86
		{9596BA41-36F8-4A59-ABAA-2A41F224B4C0}.Debug|Any CPU.ActiveCfg = Debug|Any CPU
		{9596BA41-36F8-4A59-ABAA-2A41F224B4C0}.Debug|Any CPU.Build.0 = Debug|Any CPU
		{9596BA41-36F8-4A59-ABAA-2A41F224B4C0}.Debug|x86.ActiveCfg = Debug|x86
		{9596BA41-36F8-4A59-ABAA-2A41F224B4C0}.Debug|x86.Build.0 = Debug|x86
		{9596BA41-36F8-4A59-ABAA-2A41F224B4C0}.DebugFB|Any CPU.ActiveCfg = DebugForProfiler|Any CPU
		{9596BA41-36F8-4A59-ABAA-2A41F224B4C0}.DebugFB|Any CPU.Build.0 = DebugForProfiler|Any CPU
		{9596BA41-36F8-4A59-ABAA-2A41F224B4C0}.DebugFB|x86.ActiveCfg = DebugForProfiler|x86
		{9596BA41-36F8-4A59-ABAA-2A41F224B4C0}.DebugFB|x86.Build.0 = DebugForProfiler|x86
		{9596BA41-36F8-4A59-ABAA-2A41F224B4C0}.DebugForProfiler|Any CPU.ActiveCfg = DebugForProfiler|Any CPU
		{9596BA41-36F8-4A59-ABAA-2A41F224B4C0}.DebugForProfiler|Any CPU.Build.0 = DebugForProfiler|Any CPU
		{9596BA41-36F8-4A59-ABAA-2A41F224B4C0}.DebugForProfiler|x86.ActiveCfg = DebugForProfiler|x86
		{9596BA41-36F8-4A59-ABAA-2A41F224B4C0}.DebugForProfiler|x86.Build.0 = DebugForProfiler|x86
		{9596BA41-36F8-4A59-ABAA-2A41F224B4C0}.DebugNoRackspace|Any CPU.ActiveCfg = DebugForProfiler|Any CPU
		{9596BA41-36F8-4A59-ABAA-2A41F224B4C0}.DebugNoRackspace|Any CPU.Build.0 = DebugForProfiler|Any CPU
		{9596BA41-36F8-4A59-ABAA-2A41F224B4C0}.DebugNoRackspace|x86.ActiveCfg = DebugForProfiler|x86
		{9596BA41-36F8-4A59-ABAA-2A41F224B4C0}.DebugNoRackspace|x86.Build.0 = DebugForProfiler|x86
		{9596BA41-36F8-4A59-ABAA-2A41F224B4C0}.DebugOpenSocial|Any CPU.ActiveCfg = DebugForProfiler|Any CPU
		{9596BA41-36F8-4A59-ABAA-2A41F224B4C0}.DebugOpenSocial|Any CPU.Build.0 = DebugForProfiler|Any CPU
		{9596BA41-36F8-4A59-ABAA-2A41F224B4C0}.DebugOpenSocial|x86.ActiveCfg = DebugForProfiler|x86
		{9596BA41-36F8-4A59-ABAA-2A41F224B4C0}.DebugOpenSocial|x86.Build.0 = DebugForProfiler|x86
		{9596BA41-36F8-4A59-ABAA-2A41F224B4C0}.Release_Azure|Any CPU.ActiveCfg = Release_Test|Any CPU
		{9596BA41-36F8-4A59-ABAA-2A41F224B4C0}.Release_Azure|Any CPU.Build.0 = Release_Test|Any CPU
		{9596BA41-36F8-4A59-ABAA-2A41F224B4C0}.Release_Azure|x86.ActiveCfg = Release_Test|x86
		{9596BA41-36F8-4A59-ABAA-2A41F224B4C0}.Release_Azure|x86.Build.0 = Release_Test|x86
		{9596BA41-36F8-4A59-ABAA-2A41F224B4C0}.Release_Test|Any CPU.ActiveCfg = Release_Test|Any CPU
		{9596BA41-36F8-4A59-ABAA-2A41F224B4C0}.Release_Test|Any CPU.Build.0 = Release_Test|Any CPU
		{9596BA41-36F8-4A59-ABAA-2A41F224B4C0}.Release_Test|x86.ActiveCfg = Release_Test|x86
		{9596BA41-36F8-4A59-ABAA-2A41F224B4C0}.Release_Test|x86.Build.0 = Release_Test|x86
		{9596BA41-36F8-4A59-ABAA-2A41F224B4C0}.Release|Any CPU.ActiveCfg = Release|Any CPU
		{9596BA41-36F8-4A59-ABAA-2A41F224B4C0}.Release|Any CPU.Build.0 = Release|Any CPU
		{9596BA41-36F8-4A59-ABAA-2A41F224B4C0}.Release|x86.ActiveCfg = Release|x86
		{9596BA41-36F8-4A59-ABAA-2A41F224B4C0}.Release|x86.Build.0 = Release|x86
	EndGlobalSection
	GlobalSection(SolutionProperties) = preSolution
		HideSolutionNode = FALSE
	EndGlobalSection
	GlobalSection(NestedProjects) = preSolution
		{14E4934E-A77B-4A05-AB59-2AAEFDF10C22} = {2EC118A3-C6A3-4B63-BCAF-15AA0E678548}
		{CB9372CD-9C1D-47AB-92D8-702D4D68324F} = {2EC118A3-C6A3-4B63-BCAF-15AA0E678548}
		{0D0768D7-17E9-45DE-95B9-F24C45B04323} = {2EC118A3-C6A3-4B63-BCAF-15AA0E678548}
		{EB69AA64-0C7F-49AC-984F-C2DE89321EC2} = {2EC118A3-C6A3-4B63-BCAF-15AA0E678548}
		{9596BA41-36F8-4A59-ABAA-2A41F224B4C0} = {2EC118A3-C6A3-4B63-BCAF-15AA0E678548}
	EndGlobalSection
	GlobalSection(ExtensibilityGlobals) = postSolution
		SolutionGuid = {B8FA52CC-2EFF-4498-B80D-49036AAB81CD}
		VisualSVNWorkingCopyRoot = .
	EndGlobalSection
EndGlobal
